<?xml version="1.0" encoding="utf-8"?>
<Project ToolsVersion="4.0" xmlns="http://schemas.microsoft.com/developer/msbuild/2003">
  <ItemGroup>
    <Filter Include="Source Files">
      <UniqueIdentifier>{4FC737F1-C7A5-4376-A066-2A32D752A2FF}</UniqueIdentifier>
      <Extensions>cpp;c;cc;cxx;c++;cppm;ixx;def;odl;idl;hpj;bat;asm;asmx</Extensions>
    </Filter>
    <Filter Include="Header Files">
      <UniqueIdentifier>{93995380-89BD-4b04-88EB-625FBE52EBFB}</UniqueIdentifier>
      <Extensions>h;hh;hpp;hxx;h++;hm;inl;inc;ipp;xsd</Extensions>
    </Filter>
    <Filter Include="Cuda Files">
      <UniqueIdentifier>{c43f0342-ca55-43d3-827c-acb34843a857}</UniqueIdentifier>
    </Filter>
    <Filter Include="Source Files\imgui">
      <UniqueIdentifier>{4602c529-4b3f-49be-97b0-8f39ae9ea532}</UniqueIdentifier>
    </Filter>
    <Filter Include="Header Files\imgui">
      <UniqueIdentifier>{b7f586b6-bfb2-45c7-829d-d216a78bc250}</UniqueIdentifier>
    </Filter>
    <Filter Include="Header Files\Utilities">
      <UniqueIdentifier>{7dc2e2b4-8364-4a04-bb01-abd0563b3ef7}</UniqueIdentifier>
    </Filter>
    <Filter Include="Source Files\Utilities">
      <UniqueIdentifier>{ab8b2ecc-e633-4d9e-9de2-b32afb22e2f8}</UniqueIdentifier>
    </Filter>
    <Filter Include="Header Files\OpenGLRenderer">
      <UniqueIdentifier>{645170de-f3d7-43ba-9c1c-e64612ba6b5a}</UniqueIdentifier>
    </Filter>
    <Filter Include="Header Files\OpenGLRenderer\Shaders">
      <UniqueIdentifier>{0858f2fa-152f-48a0-a97a-ffa80022ca5a}</UniqueIdentifier>
    </Filter>
    <Filter Include="Source Files\OpenGLRenderer">
      <UniqueIdentifier>{9a9d5c48-1100-4731-aa6c-59428cca1945}</UniqueIdentifier>
    </Filter>
    <Filter Include="Source Files\OpenGLRenderer\Shaders">
      <UniqueIdentifier>{167ea439-3e7b-49b2-9082-49a831296fe7}</UniqueIdentifier>
    </Filter>
    <Filter Include="Header Files\OpenGLRenderer\RenderEngine">
      <UniqueIdentifier>{62c67f6b-0607-4770-8110-df2ca81118e6}</UniqueIdentifier>
    </Filter>
    <Filter Include="Source Files\OpenGLRenderer\RenderEngine">
      <UniqueIdentifier>{e6fe46e3-dd3e-4dab-a268-537bc348b194}</UniqueIdentifier>
    </Filter>
    <Filter Include="Header Files\OptixRenderer">
      <UniqueIdentifier>{865d2967-62e9-4a3d-b257-deb333152594}</UniqueIdentifier>
    </Filter>
    <Filter Include="Source Files\OptixRenderer">
      <UniqueIdentifier>{57a37af8-3434-4e7f-bb8a-1fe37eb6d9e3}</UniqueIdentifier>
    </Filter>
    <Filter Include="Resources">
      <UniqueIdentifier>{67DA6AB6-F800-4c08-8B7A-83BB121AAD01}</UniqueIdentifier>
      <Extensions>rc;ico;cur;bmp;dlg;rc2;rct;bin;rgs;gif;jpg;jpeg;jpe;resx;tiff;tif;png;wav;mfcribbon-ms</Extensions>
    </Filter>
    <Filter Include="Resources\Shaders">
      <UniqueIdentifier>{dcf83d41-432b-42ff-a7f4-10a9b6e9653d}</UniqueIdentifier>
    </Filter>
    <Filter Include="Resources\Models">
      <UniqueIdentifier>{07a58df6-75d4-4669-9c61-291e29efd658}</UniqueIdentifier>
    </Filter>
  </ItemGroup>
  <ItemGroup>
    <ClCompile Include="imgui\imgui_widgets.cpp">
      <Filter>Source Files\imgui</Filter>
    </ClCompile>
    <ClCompile Include="imgui\imgui.cpp">
      <Filter>Source Files\imgui</Filter>
    </ClCompile>
    <ClCompile Include="imgui\imgui_demo.cpp">
      <Filter>Source Files\imgui</Filter>
    </ClCompile>
    <ClCompile Include="imgui\imgui_draw.cpp">
      <Filter>Source Files\imgui</Filter>
    </ClCompile>
    <ClCompile Include="imgui\imgui_impl_glfw.cpp">
      <Filter>Source Files\imgui</Filter>
    </ClCompile>
    <ClCompile Include="imgui\imgui_impl_opengl3.cpp">
      <Filter>Source Files\imgui</Filter>
    </ClCompile>
    <ClCompile Include="imgui\imgui_tables.cpp">
      <Filter>Source Files\imgui</Filter>
    </ClCompile>
    <ClCompile Include="stb_image.cpp">
      <Filter>Source Files</Filter>
    </ClCompile>
    <ClCompile Include="glad.c">
      <Filter>Source Files</Filter>
    </ClCompile>
    <ClCompile Include="Camera.cpp">
      <Filter>Source Files\Utilities</Filter>
    </ClCompile>
    <ClCompile Include="Main.cpp">
      <Filter>Source Files</Filter>
    </ClCompile>
    <ClCompile Include="ShaderProgram.cpp">
      <Filter>Source Files\OpenGLRenderer\Shaders</Filter>
    </ClCompile>
    <ClCompile Include="StaticShader.cpp">
      <Filter>Source Files\OpenGLRenderer\Shaders</Filter>
    </ClCompile>
    <ClCompile Include="Renderer.cpp">
      <Filter>Source Files\OpenGLRenderer\RenderEngine</Filter>
    </ClCompile>
    <ClCompile Include="DisplayManager.cpp">
      <Filter>Source Files\OpenGLRenderer\RenderEngine</Filter>
    </ClCompile>
    <ClCompile Include="Timer.cpp">
      <Filter>Source Files\Utilities</Filter>
    </ClCompile>
    <ClCompile Include="OptixShaderCompiler.cpp">
      <Filter>Source Files\OptixRenderer</Filter>
    </ClCompile>
    <ClCompile Include="ErrorChecks.cpp">
      <Filter>Source Files\Utilities</Filter>
    </ClCompile>
    <ClCompile Include="OptixManager.cpp">
      <Filter>Source Files\OptixRenderer</Filter>
    </ClCompile>
    <ClCompile Include="RawModel.cpp">
      <Filter>Source Files\OptixRenderer</Filter>
    </ClCompile>
    <ClCompile Include="Material.cpp">
      <Filter>Source Files\OptixRenderer</Filter>
    </ClCompile>
    <ClCompile Include="Entity.cpp">
      <Filter>Source Files\OptixRenderer</Filter>
    </ClCompile>
    <ClCompile Include="DenoiserMain.cpp">
      <Filter>Source Files</Filter>
    </ClCompile>
  </ItemGroup>
  <ItemGroup>
    <ClInclude Include="imgui\imstb_rectpack.h">
      <Filter>Header Files\imgui</Filter>
    </ClInclude>
    <ClInclude Include="imgui\imstb_textedit.h">
      <Filter>Header Files\imgui</Filter>
    </ClInclude>
    <ClInclude Include="imgui\imstb_truetype.h">
      <Filter>Header Files\imgui</Filter>
    </ClInclude>
    <ClInclude Include="imgui\imconfig.h">
      <Filter>Header Files\imgui</Filter>
    </ClInclude>
    <ClInclude Include="imgui\imgui.h">
      <Filter>Header Files\imgui</Filter>
    </ClInclude>
    <ClInclude Include="imgui\imgui_impl_glfw.h">
      <Filter>Header Files\imgui</Filter>
    </ClInclude>
    <ClInclude Include="imgui\imgui_impl_opengl3.h">
      <Filter>Header Files\imgui</Filter>
    </ClInclude>
    <ClInclude Include="imgui\imgui_impl_opengl3_loader.h">
      <Filter>Header Files\imgui</Filter>
    </ClInclude>
    <ClInclude Include="imgui\imgui_internal.h">
      <Filter>Header Files\imgui</Filter>
    </ClInclude>
    <ClInclude Include="stb_image.h">
      <Filter>Header Files</Filter>
    </ClInclude>
    <ClInclude Include="CudaOutputBuffer.h">
      <Filter>Header Files\Utilities</Filter>
    </ClInclude>
    <ClInclude Include="Camera.h">
      <Filter>Header Files\Utilities</Filter>
    </ClInclude>
    <ClInclude Include="Parameters.h">
      <Filter>Header Files</Filter>
    </ClInclude>
    <ClInclude Include="ShaderProgram.h">
      <Filter>Header Files\OpenGLRenderer\Shaders</Filter>
    </ClInclude>
    <ClInclude Include="StaticShader.h">
      <Filter>Header Files\OpenGLRenderer\Shaders</Filter>
    </ClInclude>
    <ClInclude Include="Renderer.h">
      <Filter>Header Files\OpenGLRenderer\RenderEngine</Filter>
    </ClInclude>
    <ClInclude Include="DisplayManager.h">
      <Filter>Header Files\OpenGLRenderer\RenderEngine</Filter>
    </ClInclude>
    <ClInclude Include="UtilityMathFunctions.h">
      <Filter>Header Files\Utilities</Filter>
    </ClInclude>
    <ClInclude Include="Timer.h">
      <Filter>Header Files\Utilities</Filter>
    </ClInclude>
    <ClInclude Include="RawModel.h">
      <Filter>Header Files\OptixRenderer</Filter>
    </ClInclude>
    <ClInclude Include="Entity.h">
      <Filter>Header Files\OptixRenderer</Filter>
    </ClInclude>
    <ClInclude Include="OptixShaderCompiler.h">
      <Filter>Header Files\OptixRenderer</Filter>
    </ClInclude>
    <ClInclude Include="ErrorChecks.h">
      <Filter>Header Files\Utilities</Filter>
    </ClInclude>
    <ClInclude Include="OptixManager.h">
      <Filter>Header Files\OptixRenderer</Filter>
    </ClInclude>
    <ClInclude Include="Material.h">
      <Filter>Header Files\OptixRenderer</Filter>
    </ClInclude>
    <ClInclude Include="json.hpp">
      <Filter>Header Files</Filter>
    </ClInclude>
  </ItemGroup>
  <ItemGroup>
    <None Include="vertexShader.glsl">
      <Filter>Resources\Shaders</Filter>
    </None>
    <None Include="fragmentShader.glsl">
      <Filter>Resources\Shaders</Filter>
    </None>
    <None Include="BasicCube.json">
      <Filter>Resources\Models</Filter>
    </None>
    <None Include="GlowingCube.json">
      <Filter>Resources\Models</Filter>
    </None>
    <None Include="CornellBox.json">
      <Filter>Resources\Models</Filter>
    </None>
    <None Include="King.json">
      <Filter>Resources\Models</Filter>
    </None>
    <None Include="Pawn.json">
      <Filter>Resources\Models</Filter>
    </None>
    <None Include="Queen.json">
      <Filter>Resources\Models</Filter>
    </None>
    <None Include="Knight.json">
      <Filter>Resources\Models</Filter>
    </None>
  </ItemGroup>
  <ItemGroup>
    <CudaCompile Include="DrawSolidColor.cu">
      <Filter>Cuda Files</Filter>
    </CudaCompile>
    <CudaCompile Include="PathTracing.cu">
      <Filter>Cuda Files</Filter>
    </CudaCompile>
  </ItemGroup>
</Project>